
Microsoft Visual Studio Solution File, Format Version 12.00
Project("{FAE04EC0-301F-11D3-BF4B-00C04F79EFBC}") = "Demo_Product", "Demo_Product\Demo_Product.csproj", "{2DA1887F-B6FF-4CB3-BF51-2AE04B5885C0}"
EndProject
Project("{FAE04EC0-301F-11D3-BF4B-00C04F79EFBC}") = "EntityLayer", "EntityLayer\EntityLayer.csproj", "{BEF98D18-1963-402C-9A2D-1704F2FE53D2}"
EndProject
Project("{FAE04EC0-301F-11D3-BF4B-00C04F79EFBC}") = "DataAccessLayer", "DataAccessLayer\DataAccessLayer.csproj", "{77DC9410-0960-4B76-84A2-5DC5C603F12D}"
EndProject
Project("{FAE04EC0-301F-11D3-BF4B-00C04F79EFBC}") = "BusinessLayer", "BusinessLayer\BusinessLayer.csproj", "{AFCB051D-3B3E-4F68-AA11-430171DCBF99}"
EndProject
Global
	GlobalSection(SolutionConfigurationPlatforms) = preSolution
		Debug|Any CPU = Debug|Any CPU
		Release|Any CPU = Release|Any CPU
	EndGlobalSection
	GlobalSection(ProjectConfigurationPlatforms) = postSolution
		{2DA1887F-B6FF-4CB3-BF51-2AE04B5885C0}.Debug|Any CPU.ActiveCfg = Debug|Any CPU
		{2DA1887F-B6FF-4CB3-BF51-2AE04B5885C0}.Debug|Any CPU.Build.0 = Debug|Any CPU
		{2DA1887F-B6FF-4CB3-BF51-2AE04B5885C0}.Release|Any CPU.ActiveCfg = Release|Any CPU
		{2DA1887F-B6FF-4CB3-BF51-2AE04B5885C0}.Release|Any CPU.Build.0 = Release|Any CPU
		{BEF98D18-1963-402C-9A2D-1704F2FE53D2}.Debug|Any CPU.ActiveCfg = Debug|Any CPU
		{BEF98D18-1963-402C-9A2D-1704F2FE53D2}.Debug|Any CPU.Build.0 = Debug|Any CPU
		{BEF98D18-1963-402C-9A2D-1704F2FE53D2}.Release|Any CPU.ActiveCfg = Release|Any CPU
		{BEF98D18-1963-402C-9A2D-1704F2FE53D2}.Release|Any CPU.Build.0 = Release|Any CPU
		{77DC9410-0960-4B76-84A2-5DC5C603F12D}.Debug|Any CPU.ActiveCfg = Debug|Any CPU
		{77DC9410-0960-4B76-84A2-5DC5C603F12D}.Debug|Any CPU.Build.0 = Debug|Any CPU
		{77DC9410-0960-4B76-84A2-5DC5C603F12D}.Release|Any CPU.ActiveCfg = Release|Any CPU
		{77DC9410-0960-4B76-84A2-5DC5C603F12D}.Release|Any CPU.Build.0 = Release|Any CPU
		{AFCB051D-3B3E-4F68-AA11-430171DCBF99}.Debug|Any CPU.ActiveCfg = Debug|Any CPU
		{AFCB051D-3B3E-4F68-AA11-430171DCBF99}.Debug|Any CPU.Build.0 = Debug|Any CPU
		{AFCB051D-3B3E-4F68-AA11-430171DCBF99}.Release|Any CPU.ActiveCfg = Release|Any CPU
		{AFCB051D-3B3E-4F68-AA11-430171DCBF99}.Release|Any CPU.Build.0 = Release|Any CPU
	EndGlobalSection
EndGlobal
